// !$*UTF8*$!
{
	archiveVersion = 1;
	classes = {
	};
	objectVersion = 56;
	objects = {

/* Begin PBXBuildFile section */
		1522A4792A71B0C900451F9C /* TLButton.swift in Sources */ = {isa = PBXBuildFile; fileRef = 1522A4782A71B0C900451F9C /* TLButton.swift */; };
		15319F8C2A70435F006D769F /* ToDoList_AppApp.swift in Sources */ = {isa = PBXBuildFile; fileRef = 15319F8B2A70435F006D769F /* ToDoList_AppApp.swift */; };
		15319F8E2A70435F006D769F /* MainView.swift in Sources */ = {isa = PBXBuildFile; fileRef = 15319F8D2A70435F006D769F /* MainView.swift */; };
		15319F902A704361006D769F /* Assets.xcassets in Resources */ = {isa = PBXBuildFile; fileRef = 15319F8F2A704361006D769F /* Assets.xcassets */; };
		15319F932A704361006D769F /* Preview Assets.xcassets in Resources */ = {isa = PBXBuildFile; fileRef = 15319F922A704361006D769F /* Preview Assets.xcassets */; };
		15319FD12A704C57006D769F /* GoogleService-Info.plist in Resources */ = {isa = PBXBuildFile; fileRef = 15319FD02A704C56006D769F /* GoogleService-Info.plist */; };
		15319FD52A704FA6006D769F /* FirebaseAuth in Frameworks */ = {isa = PBXBuildFile; productRef = 15319FD42A704FA6006D769F /* FirebaseAuth */; };
		15319FD72A704FA6006D769F /* FirebaseFirestore in Frameworks */ = {isa = PBXBuildFile; productRef = 15319FD62A704FA6006D769F /* FirebaseFirestore */; };
		15319FD92A704FA6006D769F /* FirebaseFirestoreSwift in Frameworks */ = {isa = PBXBuildFile; productRef = 15319FD82A704FA6006D769F /* FirebaseFirestoreSwift */; };
		15319FE32A705583006D769F /* LoginView.swift in Sources */ = {isa = PBXBuildFile; fileRef = 15319FE22A705583006D769F /* LoginView.swift */; };
		15319FE52A7055C4006D769F /* ToDoListItemView.swift in Sources */ = {isa = PBXBuildFile; fileRef = 15319FE42A7055C4006D769F /* ToDoListItemView.swift */; };
		15319FE72A7055E5006D769F /* RegisterView.swift in Sources */ = {isa = PBXBuildFile; fileRef = 15319FE62A7055E5006D769F /* RegisterView.swift */; };
		15319FE92A705618006D769F /* NewItemView.swift in Sources */ = {isa = PBXBuildFile; fileRef = 15319FE82A705618006D769F /* NewItemView.swift */; };
		15319FEB2A705641006D769F /* ProfileView.swift in Sources */ = {isa = PBXBuildFile; fileRef = 15319FEA2A705641006D769F /* ProfileView.swift */; };
		15319FED2A705664006D769F /* ToDoListView.swift in Sources */ = {isa = PBXBuildFile; fileRef = 15319FEC2A705664006D769F /* ToDoListView.swift */; };
		15319FEF2A7056C6006D769F /* User.swift in Sources */ = {isa = PBXBuildFile; fileRef = 15319FEE2A7056C6006D769F /* User.swift */; };
		15319FF12A7056E4006D769F /* ToDoListItem.swift in Sources */ = {isa = PBXBuildFile; fileRef = 15319FF02A7056E4006D769F /* ToDoListItem.swift */; };
		15319FF32A70585E006D769F /* MainViewViewModel.swift in Sources */ = {isa = PBXBuildFile; fileRef = 15319FF22A70585E006D769F /* MainViewViewModel.swift */; };
		15319FF52A7058BA006D769F /* RegisterViewViewModel.swift in Sources */ = {isa = PBXBuildFile; fileRef = 15319FF42A7058BA006D769F /* RegisterViewViewModel.swift */; };
		15319FF72A7058D8006D769F /* LoginViewViewModel.swift in Sources */ = {isa = PBXBuildFile; fileRef = 15319FF62A7058D8006D769F /* LoginViewViewModel.swift */; };
		15319FF92A7058F4006D769F /* ProfileViewViewModel.swift in Sources */ = {isa = PBXBuildFile; fileRef = 15319FF82A7058F4006D769F /* ProfileViewViewModel.swift */; };
		15319FFB2A705925006D769F /* ToDoListViewViewModel.swift in Sources */ = {isa = PBXBuildFile; fileRef = 15319FFA2A705925006D769F /* ToDoListViewViewModel.swift */; };
		15319FFD2A705951006D769F /* ToDoListItemViewViewModel.swift in Sources */ = {isa = PBXBuildFile; fileRef = 15319FFC2A705951006D769F /* ToDoListItemViewViewModel.swift */; };
		15319FFF2A705987006D769F /* NewItemViewViewModel.swift in Sources */ = {isa = PBXBuildFile; fileRef = 15319FFE2A705987006D769F /* NewItemViewViewModel.swift */; };
		1531A0012A7060CB006D769F /* HeaderView.swift in Sources */ = {isa = PBXBuildFile; fileRef = 1531A0002A7060CB006D769F /* HeaderView.swift */; };
/* End PBXBuildFile section */

/* Begin PBXFileReference section */
		1522A4782A71B0C900451F9C /* TLButton.swift */ = {isa = PBXFileReference; lastKnownFileType = sourcecode.swift; path = TLButton.swift; sourceTree = "<group>"; };
		15319F882A70435F006D769F /* ToDoList_App.app */ = {isa = PBXFileReference; explicitFileType = wrapper.application; includeInIndex = 0; path = ToDoList_App.app; sourceTree = BUILT_PRODUCTS_DIR; };
		15319F8B2A70435F006D769F /* ToDoList_AppApp.swift */ = {isa = PBXFileReference; lastKnownFileType = sourcecode.swift; path = ToDoList_AppApp.swift; sourceTree = "<group>"; };
		15319F8D2A70435F006D769F /* MainView.swift */ = {isa = PBXFileReference; lastKnownFileType = sourcecode.swift; path = MainView.swift; sourceTree = "<group>"; };
		15319F8F2A704361006D769F /* Assets.xcassets */ = {isa = PBXFileReference; lastKnownFileType = folder.assetcatalog; path = Assets.xcassets; sourceTree = "<group>"; };
		15319F922A704361006D769F /* Preview Assets.xcassets */ = {isa = PBXFileReference; lastKnownFileType = folder.assetcatalog; path = "Preview Assets.xcassets"; sourceTree = "<group>"; };
		15319FD02A704C56006D769F /* GoogleService-Info.plist */ = {isa = PBXFileReference; fileEncoding = 4; lastKnownFileType = text.plist.xml; path = "GoogleService-Info.plist"; sourceTree = "<group>"; };
		15319FE22A705583006D769F /* LoginView.swift */ = {isa = PBXFileReference; lastKnownFileType = sourcecode.swift; path = LoginView.swift; sourceTree = "<group>"; };
		15319FE42A7055C4006D769F /* ToDoListItemView.swift */ = {isa = PBXFileReference; lastKnownFileType = sourcecode.swift; path = ToDoListItemView.swift; sourceTree = "<group>"; };
		15319FE62A7055E5006D769F /* RegisterView.swift */ = {isa = PBXFileReference; lastKnownFileType = sourcecode.swift; path = RegisterView.swift; sourceTree = "<group>"; };
		15319FE82A705618006D769F /* NewItemView.swift */ = {isa = PBXFileReference; lastKnownFileType = sourcecode.swift; path = NewItemView.swift; sourceTree = "<group>"; };
		15319FEA2A705641006D769F /* ProfileView.swift */ = {isa = PBXFileReference; lastKnownFileType = sourcecode.swift; path = ProfileView.swift; sourceTree = "<group>"; };
		15319FEC2A705664006D769F /* ToDoListView.swift */ = {isa = PBXFileReference; lastKnownFileType = sourcecode.swift; path = ToDoListView.swift; sourceTree = "<group>"; };
		15319FEE2A7056C6006D769F /* User.swift */ = {isa = PBXFileReference; lastKnownFileType = sourcecode.swift; path = User.swift; sourceTree = "<group>"; };
		15319FF02A7056E4006D769F /* ToDoListItem.swift */ = {isa = PBXFileReference; lastKnownFileType = sourcecode.swift; path = ToDoListItem.swift; sourceTree = "<group>"; };
		15319FF22A70585E006D769F /* MainViewViewModel.swift */ = {isa = PBXFileReference; lastKnownFileType = sourcecode.swift; path = MainViewViewModel.swift; sourceTree = "<group>"; };
		15319FF42A7058BA006D769F /* RegisterViewViewModel.swift */ = {isa = PBXFileReference; lastKnownFileType = sourcecode.swift; path = RegisterViewViewModel.swift; sourceTree = "<group>"; };
		15319FF62A7058D8006D769F /* LoginViewViewModel.swift */ = {isa = PBXFileReference; lastKnownFileType = sourcecode.swift; path = LoginViewViewModel.swift; sourceTree = "<group>"; };
		15319FF82A7058F4006D769F /* ProfileViewViewModel.swift */ = {isa = PBXFileReference; lastKnownFileType = sourcecode.swift; path = ProfileViewViewModel.swift; sourceTree = "<group>"; };
		15319FFA2A705925006D769F /* ToDoListViewViewModel.swift */ = {isa = PBXFileReference; lastKnownFileType = sourcecode.swift; path = ToDoListViewViewModel.swift; sourceTree = "<group>"; };
		15319FFC2A705951006D769F /* ToDoListItemViewViewModel.swift */ = {isa = PBXFileReference; lastKnownFileType = sourcecode.swift; path = ToDoListItemViewViewModel.swift; sourceTree = "<group>"; };
		15319FFE2A705987006D769F /* NewItemViewViewModel.swift */ = {isa = PBXFileReference; lastKnownFileType = sourcecode.swift; path = NewItemViewViewModel.swift; sourceTree = "<group>"; };
		1531A0002A7060CB006D769F /* HeaderView.swift */ = {isa = PBXFileReference; lastKnownFileType = sourcecode.swift; path = HeaderView.swift; sourceTree = "<group>"; };
/* End PBXFileReference section */

/* Begin PBXFrameworksBuildPhase section */
		15319F852A70435F006D769F /* Frameworks */ = {
			isa = PBXFrameworksBuildPhase;
			buildActionMask = 2147483647;
			files = (
				15319FD52A704FA6006D769F /* FirebaseAuth in Frameworks */,
				15319FD72A704FA6006D769F /* FirebaseFirestore in Frameworks */,
				15319FD92A704FA6006D769F /* FirebaseFirestoreSwift in Frameworks */,
			);
			runOnlyForDeploymentPostprocessing = 0;
		};
/* End PBXFrameworksBuildPhase section */

/* Begin PBXGroup section */
		15319F7F2A70435F006D769F = {
			isa = PBXGroup;
			children = (
				15319F8A2A70435F006D769F /* ToDoList_App */,
				15319F892A70435F006D769F /* Products */,
			);
			sourceTree = "<group>";
		};
		15319F892A70435F006D769F /* Products */ = {
			isa = PBXGroup;
			children = (
				15319F882A70435F006D769F /* ToDoList_App.app */,
			);
			name = Products;
			sourceTree = "<group>";
		};
		15319F8A2A70435F006D769F /* ToDoList_App */ = {
			isa = PBXGroup;
			children = (
				15319FDD2A70520C006D769F /* App */,
				15319FDA2A7051EF006D769F /* Models */,
				15319FDC2A7051F7006D769F /* ViewModels */,
				15319FDB2A7051F2006D769F /* View */,
				15319F912A704361006D769F /* Preview Content */,
			);
			path = ToDoList_App;
			sourceTree = "<group>";
		};
		15319F912A704361006D769F /* Preview Content */ = {
			isa = PBXGroup;
			children = (
				15319F922A704361006D769F /* Preview Assets.xcassets */,
			);
			path = "Preview Content";
			sourceTree = "<group>";
		};
		15319FDA2A7051EF006D769F /* Models */ = {
			isa = PBXGroup;
			children = (
				15319FEE2A7056C6006D769F /* User.swift */,
				15319FF02A7056E4006D769F /* ToDoListItem.swift */,
			);
			path = Models;
			sourceTree = "<group>";
		};
		15319FDB2A7051F2006D769F /* View */ = {
			isa = PBXGroup;
			children = (
				15319F8D2A70435F006D769F /* MainView.swift */,
				15319FE22A705583006D769F /* LoginView.swift */,
				15319FE62A7055E5006D769F /* RegisterView.swift */,
				15319FEA2A705641006D769F /* ProfileView.swift */,
				15319FEC2A705664006D769F /* ToDoListView.swift */,
				15319FE42A7055C4006D769F /* ToDoListItemView.swift */,
				15319FE82A705618006D769F /* NewItemView.swift */,
				1531A0002A7060CB006D769F /* HeaderView.swift */,
				1522A4782A71B0C900451F9C /* TLButton.swift */,
			);
			path = View;
			sourceTree = "<group>";
		};
		15319FDC2A7051F7006D769F /* ViewModels */ = {
			isa = PBXGroup;
			children = (
				15319FF22A70585E006D769F /* MainViewViewModel.swift */,
				15319FF62A7058D8006D769F /* LoginViewViewModel.swift */,
				15319FF42A7058BA006D769F /* RegisterViewViewModel.swift */,
				15319FF82A7058F4006D769F /* ProfileViewViewModel.swift */,
				15319FFA2A705925006D769F /* ToDoListViewViewModel.swift */,
				15319FFC2A705951006D769F /* ToDoListItemViewViewModel.swift */,
				15319FFE2A705987006D769F /* NewItemViewViewModel.swift */,
			);
			path = ViewModels;
			sourceTree = "<group>";
		};
		15319FDD2A70520C006D769F /* App */ = {
			isa = PBXGroup;
			children = (
				15319FD02A704C56006D769F /* GoogleService-Info.plist */,
				15319F8F2A704361006D769F /* Assets.xcassets */,
				15319F8B2A70435F006D769F /* ToDoList_AppApp.swift */,
			);
			path = App;
			sourceTree = "<group>";
		};
/* End PBXGroup section */

/* Begin PBXNativeTarget section */
		15319F872A70435F006D769F /* ToDoList_App */ = {
			isa = PBXNativeTarget;
			buildConfigurationList = 15319F962A704361006D769F /* Build configuration list for PBXNativeTarget "ToDoList_App" */;
			buildPhases = (
				15319F842A70435F006D769F /* Sources */,
				15319F852A70435F006D769F /* Frameworks */,
				15319F862A70435F006D769F /* Resources */,
			);
			buildRules = (
			);
			dependencies = (
			);
			name = ToDoList_App;
			packageProductDependencies = (
				15319FD42A704FA6006D769F /* FirebaseAuth */,
				15319FD62A704FA6006D769F /* FirebaseFirestore */,
				15319FD82A704FA6006D769F /* FirebaseFirestoreSwift */,
			);
			productName = ToDoList_App;
			productReference = 15319F882A70435F006D769F /* ToDoList_App.app */;
			productType = "com.apple.product-type.application";
		};
/* End PBXNativeTarget section */

/* Begin PBXProject section */
		15319F802A70435F006D769F /* Project object */ = {
			isa = PBXProject;
			attributes = {
				BuildIndependentTargetsInParallel = 1;
				LastSwiftUpdateCheck = 1420;
				LastUpgradeCheck = 1420;
				TargetAttributes = {
					15319F872A70435F006D769F = {
						CreatedOnToolsVersion = 14.2;
					};
				};
			};
			buildConfigurationList = 15319F832A70435F006D769F /* Build configuration list for PBXProject "ToDoList_App" */;
			compatibilityVersion = "Xcode 14.0";
			developmentRegion = en;
			hasScannedForEncodings = 0;
			knownRegions = (
				en,
				Base,
			);
			mainGroup = 15319F7F2A70435F006D769F;
			packageReferences = (
				15319FD32A704FA6006D769F /* XCRemoteSwiftPackageReference "firebase-ios-sdk" */,
			);
			productRefGroup = 15319F892A70435F006D769F /* Products */;
			projectDirPath = "";
			projectRoot = "";
			targets = (
				15319F872A70435F006D769F /* ToDoList_App */,
			);
		};
/* End PBXProject section */

/* Begin PBXResourcesBuildPhase section */
		15319F862A70435F006D769F /* Resources */ = {
			isa = PBXResourcesBuildPhase;
			buildActionMask = 2147483647;
			files = (
				15319F932A704361006D769F /* Preview Assets.xcassets in Resources */,
				15319FD12A704C57006D769F /* GoogleService-Info.plist in Resources */,
				15319F902A704361006D769F /* Assets.xcassets in Resources */,
			);
			runOnlyForDeploymentPostprocessing = 0;
		};
/* End PBXResourcesBuildPhase section */

/* Begin PBXSourcesBuildPhase section */
		15319F842A70435F006D769F /* Sources */ = {
			isa = PBXSourcesBuildPhase;
			buildActionMask = 2147483647;
			files = (
				15319FE92A705618006D769F /* NewItemView.swift in Sources */,
				1531A0012A7060CB006D769F /* HeaderView.swift in Sources */,
				15319F8E2A70435F006D769F /* MainView.swift in Sources */,
				15319FFD2A705951006D769F /* ToDoListItemViewViewModel.swift in Sources */,
				15319FF52A7058BA006D769F /* RegisterViewViewModel.swift in Sources */,
				15319FED2A705664006D769F /* ToDoListView.swift in Sources */,
				15319FFB2A705925006D769F /* ToDoListViewViewModel.swift in Sources */,
				1522A4792A71B0C900451F9C /* TLButton.swift in Sources */,
				15319FE72A7055E5006D769F /* RegisterView.swift in Sources */,
				15319FE52A7055C4006D769F /* ToDoListItemView.swift in Sources */,
				15319FF72A7058D8006D769F /* LoginViewViewModel.swift in Sources */,
				15319FEF2A7056C6006D769F /* User.swift in Sources */,
				15319FFF2A705987006D769F /* NewItemViewViewModel.swift in Sources */,
				15319FE32A705583006D769F /* LoginView.swift in Sources */,
				15319FEB2A705641006D769F /* ProfileView.swift in Sources */,
				15319FF12A7056E4006D769F /* ToDoListItem.swift in Sources */,
				15319FF92A7058F4006D769F /* ProfileViewViewModel.swift in Sources */,
				15319FF32A70585E006D769F /* MainViewViewModel.swift in Sources */,
				15319F8C2A70435F006D769F /* ToDoList_AppApp.swift in Sources */,
			);
			runOnlyForDeploymentPostprocessing = 0;
		};
/* End PBXSourcesBuildPhase section */

/* Begin XCBuildConfiguration section */
		15319F942A704361006D769F /* Debug */ = {
			isa = XCBuildConfiguration;
			buildSettings = {
				ALWAYS_SEARCH_USER_PATHS = NO;
				CLANG_ANALYZER_NONNULL = YES;
				CLANG_ANALYZER_NUMBER_OBJECT_CONVERSION = YES_AGGRESSIVE;
				CLANG_CXX_LANGUAGE_STANDARD = "gnu++20";
				CLANG_ENABLE_MODULES = YES;
				CLANG_ENABLE_OBJC_ARC = YES;
				CLANG_ENABLE_OBJC_WEAK = YES;
				CLANG_WARN_BLOCK_CAPTURE_AUTORELEASING = YES;
				CLANG_WARN_BOOL_CONVERSION = YES;
				CLANG_WARN_COMMA = YES;
				CLANG_WARN_CONSTANT_CONVERSION = YES;
				CLANG_WARN_DEPRECATED_OBJC_IMPLEMENTATIONS = YES;
				CLANG_WARN_DIRECT_OBJC_ISA_USAGE = YES_ERROR;
				CLANG_WARN_DOCUMENTATION_COMMENTS = YES;
				CLANG_WARN_EMPTY_BODY = YES;
				CLANG_WARN_ENUM_CONVERSION = YES;
				CLANG_WARN_INFINITE_RECURSION = YES;
				CLANG_WARN_INT_CONVERSION = YES;
				CLANG_WARN_NON_LITERAL_NULL_CONVERSION = YES;
				CLANG_WARN_OBJC_IMPLICIT_RETAIN_SELF = YES;
				CLANG_WARN_OBJC_LITERAL_CONVERSION = YES;
				CLANG_WARN_OBJC_ROOT_CLASS = YES_ERROR;
				CLANG_WARN_QUOTED_INCLUDE_IN_FRAMEWORK_HEADER = YES;
				CLANG_WARN_RANGE_LOOP_ANALYSIS = YES;
				CLANG_WARN_STRICT_PROTOTYPES = YES;
				CLANG_WARN_SUSPICIOUS_MOVE = YES;
				CLANG_WARN_UNGUARDED_AVAILABILITY = YES_AGGRESSIVE;
				CLANG_WARN_UNREACHABLE_CODE = YES;
				CLANG_WARN__DUPLICATE_METHOD_MATCH = YES;
				COPY_PHASE_STRIP = NO;
				DEBUG_INFORMATION_FORMAT = dwarf;
				ENABLE_STRICT_OBJC_MSGSEND = YES;
				ENABLE_TESTABILITY = YES;
				GCC_C_LANGUAGE_STANDARD = gnu11;
				GCC_DYNAMIC_NO_PIC = NO;
				GCC_NO_COMMON_BLOCKS = YES;
				GCC_OPTIMIZATION_LEVEL = 0;
				GCC_PREPROCESSOR_DEFINITIONS = (
					"DEBUG=1",
					"$(inherited)",
				);
				GCC_WARN_64_TO_32_BIT_CONVERSION = YES;
				GCC_WARN_ABOUT_RETURN_TYPE = YES_ERROR;
				GCC_WARN_UNDECLARED_SELECTOR = YES;
				GCC_WARN_UNINITIALIZED_AUTOS = YES_AGGRESSIVE;
				GCC_WARN_UNUSED_FUNCTION = YES;
				GCC_WARN_UNUSED_VARIABLE = YES;
				IPHONEOS_DEPLOYMENT_TARGET = 16.2;
				MTL_ENABLE_DEBUG_INFO = INCLUDE_SOURCE;
				MTL_FAST_MATH = YES;
				ONLY_ACTIVE_ARCH = YES;
				SDKROOT = iphoneos;
				SWIFT_ACTIVE_COMPILATION_CONDITIONS = DEBUG;
				SWIFT_OPTIMIZATION_LEVEL = "-Onone";
			};
			name = Debug;
		};
		15319F952A704361006D769F /* Release */ = {
			isa = XCBuildConfiguration;
			buildSettings = {
				ALWAYS_SEARCH_USER_PATHS = NO;
				CLANG_ANALYZER_NONNULL = YES;
				CLANG_ANALYZER_NUMBER_OBJECT_CONVERSION = YES_AGGRESSIVE;
				CLANG_CXX_LANGUAGE_STANDARD = "gnu++20";
				CLANG_ENABLE_MODULES = YES;
				CLANG_ENABLE_OBJC_ARC = YES;
				CLANG_ENABLE_OBJC_WEAK = YES;
				CLANG_WARN_BLOCK_CAPTURE_AUTORELEASING = YES;
				CLANG_WARN_BOOL_CONVERSION = YES;
				CLANG_WARN_COMMA = YES;
				CLANG_WARN_CONSTANT_CONVERSION = YES;
				CLANG_WARN_DEPRECATED_OBJC_IMPLEMENTATIONS = YES;
				CLANG_WARN_DIRECT_OBJC_ISA_USAGE = YES_ERROR;
				CLANG_WARN_DOCUMENTATION_COMMENTS = YES;
				CLANG_WARN_EMPTY_BODY = YES;
				CLANG_WARN_ENUM_CONVERSION = YES;
				CLANG_WARN_INFINITE_RECURSION = YES;
				CLANG_WARN_INT_CONVERSION = YES;
				CLANG_WARN_NON_LITERAL_NULL_CONVERSION = YES;
				CLANG_WARN_OBJC_IMPLICIT_RETAIN_SELF = YES;
				CLANG_WARN_OBJC_LITERAL_CONVERSION = YES;
				CLANG_WARN_OBJC_ROOT_CLASS = YES_ERROR;
				CLANG_WARN_QUOTED_INCLUDE_IN_FRAMEWORK_HEADER = YES;
				CLANG_WARN_RANGE_LOOP_ANALYSIS = YES;
				CLANG_WARN_STRICT_PROTOTYPES = YES;
				CLANG_WARN_SUSPICIOUS_MOVE = YES;
				CLANG_WARN_UNGUARDED_AVAILABILITY = YES_AGGRESSIVE;
				CLANG_WARN_UNREACHABLE_CODE = YES;
				CLANG_WARN__DUPLICATE_METHOD_MATCH = YES;
				COPY_PHASE_STRIP = NO;
				DEBUG_INFORMATION_FORMAT = "dwarf-with-dsym";
				ENABLE_NS_ASSERTIONS = NO;
				ENABLE_STRICT_OBJC_MSGSEND = YES;
				GCC_C_LANGUAGE_STANDARD = gnu11;
				GCC_NO_COMMON_BLOCKS = YES;
				GCC_WARN_64_TO_32_BIT_CONVERSION = YES;
				GCC_WARN_ABOUT_RETURN_TYPE = YES_ERROR;
				GCC_WARN_UNDECLARED_SELECTOR = YES;
				GCC_WARN_UNINITIALIZED_AUTOS = YES_AGGRESSIVE;
				GCC_WARN_UNUSED_FUNCTION = YES;
				GCC_WARN_UNUSED_VARIABLE = YES;
				IPHONEOS_DEPLOYMENT_TARGET = 16.2;
				MTL_ENABLE_DEBUG_INFO = NO;
				MTL_FAST_MATH = YES;
				SDKROOT = iphoneos;
				SWIFT_COMPILATION_MODE = wholemodule;
				SWIFT_OPTIMIZATION_LEVEL = "-O";
				VALIDATE_PRODUCT = YES;
			};
			name = Release;
		};
		15319F972A704361006D769F /* Debug */ = {
			isa = XCBuildConfiguration;
			buildSettings = {
				ASSETCATALOG_COMPILER_APPICON_NAME = AppIcon;
				ASSETCATALOG_COMPILER_GLOBAL_ACCENT_COLOR_NAME = AccentColor;
				CODE_SIGN_STYLE = Automatic;
				CURRENT_PROJECT_VERSION = 1;
				DEVELOPMENT_ASSET_PATHS = "\"ToDoList_App/Preview Content\"";
				ENABLE_PREVIEWS = YES;
				GENERATE_INFOPLIST_FILE = YES;
				INFOPLIST_KEY_CFBundleDisplayName = "To Do List";
				INFOPLIST_KEY_UIApplicationSceneManifest_Generation = YES;
				INFOPLIST_KEY_UIApplicationSupportsIndirectInputEvents = YES;
				INFOPLIST_KEY_UILaunchScreen_Generation = YES;
				INFOPLIST_KEY_UISupportedInterfaceOrientations = UIInterfaceOrientationPortrait;
				LD_RUNPATH_SEARCH_PATHS = (
					"$(inherited)",
					"@executable_path/Frameworks",
				);
				MARKETING_VERSION = 1.0;
				PRODUCT_BUNDLE_IDENTIFIER = "com.antony.ToDoList-App";
				PRODUCT_NAME = "$(TARGET_NAME)";
				SWIFT_EMIT_LOC_STRINGS = YES;
				SWIFT_VERSION = 5.0;
				TARGETED_DEVICE_FAMILY = "1,2";
			};
			name = Debug;
		};
		15319F982A704361006D769F /* Release */ = {
			isa = XCBuildConfiguration;
			buildSettings = {
				ASSETCATALOG_COMPILER_APPICON_NAME = AppIcon;
				ASSETCATALOG_COMPILER_GLOBAL_ACCENT_COLOR_NAME = AccentColor;
				CODE_SIGN_STYLE = Automatic;
				CURRENT_PROJECT_VERSION = 1;
				DEVELOPMENT_ASSET_PATHS = "\"ToDoList_App/Preview Content\"";
				ENABLE_PREVIEWS = YES;
				GENERATE_INFOPLIST_FILE = YES;
				INFOPLIST_KEY_CFBundleDisplayName = "To Do List";
				INFOPLIST_KEY_UIApplicationSceneManifest_Generation = YES;
				INFOPLIST_KEY_UIApplicationSupportsIndirectInputEvents = YES;
				INFOPLIST_KEY_UILaunchScreen_Generation = YES;
				INFOPLIST_KEY_UISupportedInterfaceOrientations = UIInterfaceOrientationPortrait;
				LD_RUNPATH_SEARCH_PATHS = (
					"$(inherited)",
					"@executable_path/Frameworks",
				);
				MARKETING_VERSION = 1.0;
				PRODUCT_BUNDLE_IDENTIFIER = "com.antony.ToDoList-App";
				PRODUCT_NAME = "$(TARGET_NAME)";
				SWIFT_EMIT_LOC_STRINGS = YES;
				SWIFT_VERSION = 5.0;
				TARGETED_DEVICE_FAMILY = "1,2";
			};
			name = Release;
		};
/* End XCBuildConfiguration section */

/* Begin XCConfigurationList section */
		15319F832A70435F006D769F /* Build configuration list for PBXProject "ToDoList_App" */ = {
			isa = XCConfigurationList;
			buildConfigurations = (
				15319F942A704361006D769F /* Debug */,
				15319F952A704361006D769F /* Release */,
			);
			defaultConfigurationIsVisible = 0;
			defaultConfigurationName = Release;
		};
		15319F962A704361006D769F /* Build configuration list for PBXNativeTarget "ToDoList_App" */ = {
			isa = XCConfigurationList;
			buildConfigurations = (
				15319F972A704361006D769F /* Debug */,
				15319F982A704361006D769F /* Release */,
			);
			defaultConfigurationIsVisible = 0;
			defaultConfigurationName = Release;
		};
/* End XCConfigurationList section */

/* Begin XCRemoteSwiftPackageReference section */
		15319FD32A704FA6006D769F /* XCRemoteSwiftPackageReference "firebase-ios-sdk" */ = {
			isa = XCRemoteSwiftPackageReference;
			repositoryURL = "https://github.com/firebase/firebase-ios-sdk";
			requirement = {
				branch = master;
				kind = branch;
			};
		};
/* End XCRemoteSwiftPackageReference section */

/* Begin XCSwiftPackageProductDependency section */
		15319FD42A704FA6006D769F /* FirebaseAuth */ = {
			isa = XCSwiftPackageProductDependency;
			package = 15319FD32A704FA6006D769F /* XCRemoteSwiftPackageReference "firebase-ios-sdk" */;
			productName = FirebaseAuth;
		};
		15319FD62A704FA6006D769F /* FirebaseFirestore */ = {
			isa = XCSwiftPackageProductDependency;
			package = 15319FD32A704FA6006D769F /* XCRemoteSwiftPackageReference "firebase-ios-sdk" */;
			productName = FirebaseFirestore;
		};
		15319FD82A704FA6006D769F /* FirebaseFirestoreSwift */ = {
			isa = XCSwiftPackageProductDependency;
			package = 15319FD32A704FA6006D769F /* XCRemoteSwiftPackageReference "firebase-ios-sdk" */;
			productName = FirebaseFirestoreSwift;
		};
/* End XCSwiftPackageProductDependency section */
	};
	rootObject = 15319F802A70435F006D769F /* Project object */;
}
